{
  "socketPath": "/tmp/mcp-KbisXa/mcp.sock",
  "scheme": "unix",
  "headers": {
    "Authorization": "Nonce 94655081-6d05-4cb3-a9de-fe1d1512ebcc"
  },
  "pid": 5455,
  "ideName": "Visual Studio Code",
  "timestamp": 1773759556427,
  "workspaceFolders": [
    "/teamspace/studios/this_studio"
  ],
  "isTrusted": true
}